{
  "version": 4,
  "terraform_version": "1.6.3",
  "serial": 43,
  "lineage": "73fb1ed6-e41c-fd87-e8e6-dbfe056d9ab2",
  "outputs": {},
  "resources": [
    {
      "mode": "managed",
      "type": "aws_ssm_patch_baseline",
      "name": "example_baseline_amazon_linux",
      "provider": "provider[\"registry.terraform.io/hashicorp/aws\"]",
      "instances": [
        {
          "schema_version": 0,
          "attributes": {
            "approval_rule": [
              {
                "approve_after_days": 7,
                "approve_until_date": "",
                "compliance_level": "UNSPECIFIED",
                "enable_non_security": false,
                "patch_filter": [
                  {
                    "key": "PRODUCT",
                    "values": [
                      "AmazonLinux2012.03",
                      "AmazonLinux2012.09",
                      "AmazonLinux2013.03",
                      "AmazonLinux2013.09",
                      "AmazonLinux2014.03",
                      "AmazonLinux2014.09",
                      "AmazonLinux2015.03",
                      "AmazonLinux2015.09",
                      "AmazonLinux2016.03",
                      "AmazonLinux2016.09",
                      "AmazonLinux2017.03",
                      "AmazonLinux2017.09",
                      "AmazonLinux2018.03"
                    ]
                  },
                  {
                    "key": "CLASSIFICATION",
                    "values": [
                      "Security"
                    ]
                  },
                  {
                    "key": "SEVERITY",
                    "values": [
                      "Critical",
                      "Important",
                      "Medium",
                      "Low"
                    ]
                  }
                ]
              }
            ],
            "approved_patches": [],
            "approved_patches_compliance_level": "UNSPECIFIED",
            "approved_patches_enable_non_security": false,
            "arn": "arn:aws:ssm:us-east-1:236609069548:patchbaseline/pb-057693c8ef5472d63",
            "description": "Patch baseline prueba para Amazon Linux",
            "global_filter": [],
            "id": "pb-057693c8ef5472d63",
            "name": "patch-test-amazon-linux",
            "operating_system": "AMAZON_LINUX",
            "rejected_patches": [],
            "rejected_patches_action": "ALLOW_AS_DEPENDENCY",
            "source": [],
            "tags": {
              "Environment": "productionforlinux"
            },
            "tags_all": {
              "Environment": "productionforlinux"
            }
          },
          "sensitive_attributes": [],
          "private": "bnVsbA=="
        }
      ]
    },
    {
      "mode": "managed",
      "type": "aws_ssm_patch_baseline",
      "name": "example_baseline_amazon_linux_2",
      "provider": "provider[\"registry.terraform.io/hashicorp/aws\"]",
      "instances": [
        {
          "schema_version": 0,
          "attributes": {
            "approval_rule": [
              {
                "approve_after_days": 7,
                "approve_until_date": "",
                "compliance_level": "UNSPECIFIED",
                "enable_non_security": false,
                "patch_filter": [
                  {
                    "key": "PRODUCT",
                    "values": [
                      "AmazonLinux2",
                      "AmazonLinux2.0"
                    ]
                  },
                  {
                    "key": "CLASSIFICATION",
                    "values": [
                      "Security"
                    ]
                  },
                  {
                    "key": "SEVERITY",
                    "values": [
                      "Critical",
                      "Important",
                      "Medium",
                      "Low"
                    ]
                  }
                ]
              }
            ],
            "approved_patches": [],
            "approved_patches_compliance_level": "UNSPECIFIED",
            "approved_patches_enable_non_security": false,
            "arn": "arn:aws:ssm:us-east-1:236609069548:patchbaseline/pb-004eeec75390056a7",
            "description": "Patch baseline prueba para Amazon Linux 2",
            "global_filter": [],
            "id": "pb-004eeec75390056a7",
            "name": "patch-test-amazon-linux-2",
            "operating_system": "AMAZON_LINUX_2",
            "rejected_patches": [],
            "rejected_patches_action": "ALLOW_AS_DEPENDENCY",
            "source": [],
            "tags": {
              "Environment": "productionforlinux2"
            },
            "tags_all": {
              "Environment": "productionforlinux2"
            }
          },
          "sensitive_attributes": [],
          "private": "bnVsbA=="
        }
      ]
    },
    {
      "mode": "managed",
      "type": "aws_ssm_patch_baseline",
      "name": "example_baseline_windows",
      "provider": "provider[\"registry.terraform.io/hashicorp/aws\"]",
      "instances": [
        {
          "schema_version": 0,
          "attributes": {
            "approval_rule": [
              {
                "approve_after_days": 7,
                "approve_until_date": "",
                "compliance_level": "UNSPECIFIED",
                "enable_non_security": false,
                "patch_filter": [
                  {
                    "key": "PRODUCT",
                    "values": [
                      "Windows10",
                      "WindowsServer2016",
                      "WindowsServer2019",
                      "WindowsServer2022"
                    ]
                  },
                  {
                    "key": "CLASSIFICATION",
                    "values": [
                      "SecurityUpdates"
                    ]
                  },
                  {
                    "key": "MSRC_SEVERITY",
                    "values": [
                      "Critical",
                      "Important",
                      "Moderate",
                      "Low"
                    ]
                  }
                ]
              }
            ],
            "approved_patches": [],
            "approved_patches_compliance_level": "UNSPECIFIED",
            "approved_patches_enable_non_security": false,
            "arn": "arn:aws:ssm:us-east-1:236609069548:patchbaseline/pb-019d0d418aa2557b1",
            "description": "Patch baseline prueba para Windows",
            "global_filter": [],
            "id": "pb-019d0d418aa2557b1",
            "name": "patch-test-amazon-windows",
            "operating_system": "WINDOWS",
            "rejected_patches": [],
            "rejected_patches_action": "ALLOW_AS_DEPENDENCY",
            "source": [],
            "tags": {
              "Environment": "productionforwindows"
            },
            "tags_all": {
              "Environment": "productionforwindows"
            }
          },
          "sensitive_attributes": [],
          "private": "bnVsbA=="
        }
      ]
    }
  ],
  "check_results": null
}
