{
  "version": 4,
  "terraform_version": "1.6.3",
  "serial": 45,
  "lineage": "c8aa3625-9a42-2d41-7b0d-cf9d11278eb1",
  "outputs": {},
  "resources": [
    {
      "mode": "managed",
      "type": "aws_resourcegroups_group",
      "name": "test",
      "provider": "provider[\"registry.terraform.io/hashicorp/aws\"]",
      "instances": [
        {
          "schema_version": 0,
          "attributes": {
            "arn": "arn:aws:resource-groups:us-east-1:236609069548:group/ResourceGroupLinux",
            "configuration": [],
            "description": "Servidores On Premises registrados con SSM",
            "id": "ResourceGroupLinux",
            "name": "ResourceGroupLinux",
            "resource_query": [
              {
                "query": "{\r\n  \"ResourceTypeFilters\": [\r\n    \"AWS::SSM::ManagedInstance\"\r\n  ],\r\n  \"TagFilters\": [\r\n    {\r\n      \"Key\": \"server\",\r\n      \"Values\": [\"linux\"]\r\n    }\r\n  ]\r\n}\r\n",
                "type": "TAG_FILTERS_1_0"
              }
            ],
            "tags": {
              "product": "ServersLinux"
            },
            "tags_all": {
              "product": "ServersLinux"
            },
            "timeouts": null
          },
          "sensitive_attributes": [],
          "private": "eyJlMmJmYjczMC1lY2FhLTExZTYtOGY4OC0zNDM2M2JjN2M0YzAiOnsiY3JlYXRlIjo5MDAwMDAwMDAwMDAsInVwZGF0ZSI6OTAwMDAwMDAwMDAwfX0="
        }
      ]
    },
    {
      "mode": "managed",
      "type": "aws_ssm_maintenance_window",
      "name": "linux",
      "provider": "provider[\"registry.terraform.io/hashicorp/aws\"]",
      "instances": [
        {
          "schema_version": 0,
          "attributes": {
            "allow_unassociated_targets": false,
            "cutoff": 1,
            "description": "Maintenance Windows for Servers On Premises",
            "duration": 3,
            "enabled": true,
            "end_date": "",
            "id": "mw-0dc9835ba38583868",
            "name": "Maintenance_Linux_test",
            "schedule": "cron(0 2 ? * SUN *)",
            "schedule_offset": 0,
            "schedule_timezone": "",
            "start_date": "",
            "tags": {
              "Environment": "ServersLinux"
            },
            "tags_all": {
              "Environment": "ServersLinux"
            }
          },
          "sensitive_attributes": [],
          "private": "bnVsbA=="
        }
      ]
    },
    {
      "mode": "managed",
      "type": "aws_ssm_maintenance_window_target",
      "name": "target1",
      "provider": "provider[\"registry.terraform.io/hashicorp/aws\"]",
      "instances": [
        {
          "schema_version": 0,
          "attributes": {
            "description": "This is a maintenance linux target",
            "id": "11873249-bb15-420a-90a2-365f09339dfc",
            "name": "maintenance-linux-target",
            "owner_information": "",
            "resource_type": "RESOURCE_GROUP",
            "targets": [
              {
                "key": "resource-groups:Name",
                "values": [
                  "ResourceGroupLinux"
                ]
              }
            ],
            "window_id": "mw-0dc9835ba38583868"
          },
          "sensitive_attributes": [],
          "private": "bnVsbA==",
          "dependencies": [
            "aws_ssm_maintenance_window.linux"
          ]
        }
      ]
    },
    {
      "mode": "managed",
      "type": "aws_ssm_maintenance_window_task",
      "name": "example",
      "provider": "provider[\"registry.terraform.io/hashicorp/aws\"]",
      "instances": [
        {
          "schema_version": 0,
          "attributes": {
            "arn": "arn:aws:ssm:us-east-1:236609069548:windowtask/096ca7c3-ccbc-4916-a6c1-422372190fe5",
            "cutoff_behavior": "",
            "description": "This is a maintenance task for Linux servers",
            "id": "096ca7c3-ccbc-4916-a6c1-422372190fe5",
            "max_concurrency": "2",
            "max_errors": "1",
            "name": "TaskExecuteforLinux",
            "priority": 1,
            "service_role_arn": "arn:aws:iam::236609069548:role/aws-service-role/ssm.amazonaws.com/AWSServiceRoleForAmazonSSM",
            "targets": [
              {
                "key": "InstanceIds",
                "values": [
                  "11873249-bb15-420a-90a2-365f09339dfc"
                ]
              }
            ],
            "task_arn": "AWS-RunPatchBaseline",
            "task_invocation_parameters": [
              {
                "automation_parameters": [],
                "lambda_parameters": [],
                "run_command_parameters": [
                  {
                    "cloudwatch_config": [],
                    "comment": "",
                    "document_hash": "",
                    "document_hash_type": "",
                    "document_version": "$LATEST",
                    "notification_config": [],
                    "output_s3_bucket": "",
                    "output_s3_key_prefix": "",
                    "parameter": [
                      {
                        "name": "BaselineTags",
                        "values": [
                          "Environment=Productforlinux"
                        ]
                      },
                      {
                        "name": "Operation",
                        "values": [
                          "Install"
                        ]
                      }
                    ],
                    "service_role_arn": "",
                    "timeout_seconds": 600
                  }
                ],
                "step_functions_parameters": []
              }
            ],
            "task_type": "RUN_COMMAND",
            "window_id": "mw-0dc9835ba38583868",
            "window_task_id": "096ca7c3-ccbc-4916-a6c1-422372190fe5"
          },
          "sensitive_attributes": [],
          "private": "bnVsbA==",
          "dependencies": [
            "aws_ssm_maintenance_window.linux",
            "aws_ssm_maintenance_window_target.target1"
          ]
        }
      ]
    }
  ],
  "check_results": null
}
