{
  "version": 4,
  "terraform_version": "1.6.3",
  "serial": 26,
  "lineage": "5f435028-7805-7bc5-8568-127768e18976",
  "outputs": {},
  "resources": [
    {
      "mode": "data",
      "type": "aws_iam_policy_document",
      "name": "assume_role",
      "provider": "provider[\"registry.terraform.io/hashicorp/aws\"]",
      "instances": [
        {
          "schema_version": 0,
          "attributes": {
            "id": "454589364",
            "json": "{\n  \"Version\": \"2012-10-17\",\n  \"Statement\": [\n    {\n      \"Effect\": \"Allow\",\n      \"Action\": \"sts:AssumeRole\",\n      \"Principal\": {\n        \"Service\": \"ssm.amazonaws.com\"\n      }\n    }\n  ]\n}",
            "override_policy_documents": null,
            "policy_id": null,
            "source_policy_documents": null,
            "statement": [
              {
                "actions": [
                  "sts:AssumeRole"
                ],
                "condition": [],
                "effect": "Allow",
                "not_actions": [],
                "not_principals": [],
                "not_resources": [],
                "principals": [
                  {
                    "identifiers": [
                      "ssm.amazonaws.com"
                    ],
                    "type": "Service"
                  }
                ],
                "resources": [],
                "sid": ""
              }
            ],
            "version": "2012-10-17"
          },
          "sensitive_attributes": []
        }
      ]
    },
    {
      "mode": "managed",
      "type": "aws_iam_role",
      "name": "test_role",
      "provider": "provider[\"registry.terraform.io/hashicorp/aws\"]",
      "instances": [
        {
          "schema_version": 0,
          "attributes": {
            "arn": "arn:aws:iam::236609069548:role/AmazonEC2RunCommandRoleForManagedInstancesOnpremises",
            "assume_role_policy": "{\"Statement\":[{\"Action\":\"sts:AssumeRole\",\"Effect\":\"Allow\",\"Principal\":{\"Service\":\"ssm.amazonaws.com\"}}],\"Version\":\"2012-10-17\"}",
            "create_date": "2023-11-21T18:07:56Z",
            "description": "",
            "force_detach_policies": false,
            "id": "AmazonEC2RunCommandRoleForManagedInstancesOnpremises",
            "inline_policy": [],
            "managed_policy_arns": [],
            "max_session_duration": 3600,
            "name": "AmazonEC2RunCommandRoleForManagedInstancesOnpremises",
            "name_prefix": "",
            "path": "/",
            "permissions_boundary": "",
            "tags": null,
            "tags_all": {},
            "unique_id": "AROATOFX74HWFRF2RURAQ"
          },
          "sensitive_attributes": [],
          "private": "bnVsbA==",
          "dependencies": [
            "data.aws_iam_policy_document.assume_role"
          ]
        }
      ]
    },
    {
      "mode": "managed",
      "type": "aws_iam_role_policy_attachment",
      "name": "test_attach",
      "provider": "provider[\"registry.terraform.io/hashicorp/aws\"]",
      "instances": [
        {
          "schema_version": 0,
          "attributes": {
            "id": "AmazonEC2RunCommandRoleForManagedInstancesOnpremises-20231121180756731600000002",
            "policy_arn": "arn:aws:iam::aws:policy/AmazonSSMDirectoryServiceAccess",
            "role": "AmazonEC2RunCommandRoleForManagedInstancesOnpremises"
          },
          "sensitive_attributes": [],
          "private": "bnVsbA==",
          "dependencies": [
            "aws_iam_role.test_role",
            "data.aws_iam_policy_document.assume_role"
          ]
        }
      ]
    },
    {
      "mode": "managed",
      "type": "aws_iam_role_policy_attachment",
      "name": "test_attach_directory",
      "provider": "provider[\"registry.terraform.io/hashicorp/aws\"]",
      "instances": [
        {
          "schema_version": 0,
          "attributes": {
            "id": "AmazonEC2RunCommandRoleForManagedInstancesOnpremises-20231121180756521000000001",
            "policy_arn": "arn:aws:iam::aws:policy/AmazonSSMManagedInstanceCore",
            "role": "AmazonEC2RunCommandRoleForManagedInstancesOnpremises"
          },
          "sensitive_attributes": [],
          "private": "bnVsbA==",
          "dependencies": [
            "aws_iam_role.test_role",
            "data.aws_iam_policy_document.assume_role"
          ]
        }
      ]
    },
    {
      "mode": "managed",
      "type": "aws_ssm_activation",
      "name": "hybrid_activation",
      "provider": "provider[\"registry.terraform.io/hashicorp/aws\"]",
      "instances": [
        {
          "schema_version": 0,
          "attributes": {
            "activation_code": "e4OBdpKhUA7hmqRSRFO9",
            "description": "Servidores On Premises registrados en AWS SSM",
            "expiration_date": "2023-11-22T18:08:06Z",
            "expired": false,
            "iam_role": "AmazonEC2RunCommandRoleForManagedInstancesOnpremises",
            "id": "831d1018-261c-4a1e-ba3d-64d11efef2b1",
            "name": "ServersOnPremises",
            "registration_count": 0,
            "registration_limit": 5,
            "tags": null,
            "tags_all": {}
          },
          "sensitive_attributes": [],
          "private": "bnVsbA==",
          "dependencies": [
            "aws_iam_role.test_role",
            "aws_iam_role_policy_attachment.test_attach",
            "data.aws_iam_policy_document.assume_role"
          ]
        }
      ]
    }
  ],
  "check_results": null
}
